// !$*UTF8*$!
{
	archiveVersion = 1;
	classes = {
	};
	objectVersion = 50;
	objects = {

/* Begin PBXBuildFile section */
		69FDE9B0233D1CF80092C5B4 /* AppDelegate.swift in Sources */ = {isa = PBXBuildFile; fileRef = 69FDE9AF233D1CF80092C5B4 /* AppDelegate.swift */; };
		69FDE9B2233D1CF80092C5B4 /* ViewController.swift in Sources */ = {isa = PBXBuildFile; fileRef = 69FDE9B1233D1CF80092C5B4 /* ViewController.swift */; };
		69FDE9B5233D1CF80092C5B4 /* Main.storyboard in Resources */ = {isa = PBXBuildFile; fileRef = 69FDE9B3233D1CF80092C5B4 /* Main.storyboard */; };
		69FDE9B7233D1CFA0092C5B4 /* Assets.xcassets in Resources */ = {isa = PBXBuildFile; fileRef = 69FDE9B6233D1CFA0092C5B4 /* Assets.xcassets */; };
		69FDE9BA233D1CFA0092C5B4 /* LaunchScreen.storyboard in Resources */ = {isa = PBXBuildFile; fileRef = 69FDE9B8233D1CFA0092C5B4 /* LaunchScreen.storyboard */; };
		69FDE9C5233D1CFA0092C5B4 /* CollectionViewLabTests.swift in Sources */ = {isa = PBXBuildFile; fileRef = 69FDE9C4233D1CFA0092C5B4 /* CollectionViewLabTests.swift */; };
		69FDE9D0233D1CFA0092C5B4 /* CollectionViewLabUITests.swift in Sources */ = {isa = PBXBuildFile; fileRef = 69FDE9CF233D1CFA0092C5B4 /* CollectionViewLabUITests.swift */; };
/* End PBXBuildFile section */

/* Begin PBXContainerItemProxy section */
		69FDE9C1233D1CFA0092C5B4 /* PBXContainerItemProxy */ = {
			isa = PBXContainerItemProxy;
			containerPortal = 69FDE9A4233D1CF80092C5B4 /* Project object */;
			proxyType = 1;
			remoteGlobalIDString = 69FDE9AB233D1CF80092C5B4;
			remoteInfo = CollectionViewLab;
		};
		69FDE9CC233D1CFA0092C5B4 /* PBXContainerItemProxy */ = {
			isa = PBXContainerItemProxy;
			containerPortal = 69FDE9A4233D1CF80092C5B4 /* Project object */;
			proxyType = 1;
			remoteGlobalIDString = 69FDE9AB233D1CF80092C5B4;
			remoteInfo = CollectionViewLab;
		};
/* End PBXContainerItemProxy section */

/* Begin PBXFileReference section */
		69FDE9AC233D1CF80092C5B4 /* CollectionViewLab.app */ = {isa = PBXFileReference; explicitFileType = wrapper.application; includeInIndex = 0; path = CollectionViewLab.app; sourceTree = BUILT_PRODUCTS_DIR; };
		69FDE9AF233D1CF80092C5B4 /* AppDelegate.swift */ = {isa = PBXFileReference; lastKnownFileType = sourcecode.swift; path = AppDelegate.swift; sourceTree = "<group>"; };
		69FDE9B1233D1CF80092C5B4 /* ViewController.swift */ = {isa = PBXFileReference; lastKnownFileType = sourcecode.swift; path = ViewController.swift; sourceTree = "<group>"; };
		69FDE9B4233D1CF80092C5B4 /* Base */ = {isa = PBXFileReference; lastKnownFileType = file.storyboard; name = Base; path = Base.lproj/Main.storyboard; sourceTree = "<group>"; };
		69FDE9B6233D1CFA0092C5B4 /* Assets.xcassets */ = {isa = PBXFileReference; lastKnownFileType = folder.assetcatalog; path = Assets.xcassets; sourceTree = "<group>"; };
		69FDE9B9233D1CFA0092C5B4 /* Base */ = {isa = PBXFileReference; lastKnownFileType = file.storyboard; name = Base; path = Base.lproj/LaunchScreen.storyboard; sourceTree = "<group>"; };
		69FDE9BB233D1CFA0092C5B4 /* Info.plist */ = {isa = PBXFileReference; lastKnownFileType = text.plist.xml; path = Info.plist; sourceTree = "<group>"; };
		69FDE9C0233D1CFA0092C5B4 /* CollectionViewLabTests.xctest */ = {isa = PBXFileReference; explicitFileType = wrapper.cfbundle; includeInIndex = 0; path = CollectionViewLabTests.xctest; sourceTree = BUILT_PRODUCTS_DIR; };
		69FDE9C4233D1CFA0092C5B4 /* CollectionViewLabTests.swift */ = {isa = PBXFileReference; lastKnownFileType = sourcecode.swift; path = CollectionViewLabTests.swift; sourceTree = "<group>"; };
		69FDE9C6233D1CFA0092C5B4 /* Info.plist */ = {isa = PBXFileReference; lastKnownFileType = text.plist.xml; path = Info.plist; sourceTree = "<group>"; };
		69FDE9CB233D1CFA0092C5B4 /* CollectionViewLabUITests.xctest */ = {isa = PBXFileReference; explicitFileType = wrapper.cfbundle; includeInIndex = 0; path = CollectionViewLabUITests.xctest; sourceTree = BUILT_PRODUCTS_DIR; };
		69FDE9CF233D1CFA0092C5B4 /* CollectionViewLabUITests.swift */ = {isa = PBXFileReference; lastKnownFileType = sourcecode.swift; path = CollectionViewLabUITests.swift; sourceTree = "<group>"; };
		69FDE9D1233D1CFA0092C5B4 /* Info.plist */ = {isa = PBXFileReference; lastKnownFileType = text.plist.xml; path = Info.plist; sourceTree = "<group>"; };
/* End PBXFileReference section */

/* Begin PBXFrameworksBuildPhase section */
		69FDE9A9233D1CF80092C5B4 /* Frameworks */ = {
			isa = PBXFrameworksBuildPhase;
			buildActionMask = 2147483647;
			files = (
			);
			runOnlyForDeploymentPostprocessing = 0;
		};
		69FDE9BD233D1CFA0092C5B4 /* Frameworks */ = {
			isa = PBXFrameworksBuildPhase;
			buildActionMask = 2147483647;
			files = (
			);
			runOnlyForDeploymentPostprocessing = 0;
		};
		69FDE9C8233D1CFA0092C5B4 /* Frameworks */ = {
			isa = PBXFrameworksBuildPhase;
			buildActionMask = 2147483647;
			files = (
			);
			runOnlyForDeploymentPostprocessing = 0;
		};
/* End PBXFrameworksBuildPhase section */

/* Begin PBXGroup section */
		69FDE9A3233D1CF80092C5B4 = {
			isa = PBXGroup;
			children = (
				69FDE9AE233D1CF80092C5B4 /* CollectionViewLab */,
				69FDE9C3233D1CFA0092C5B4 /* CollectionViewLabTests */,
				69FDE9CE233D1CFA0092C5B4 /* CollectionViewLabUITests */,
				69FDE9AD233D1CF80092C5B4 /* Products */,
			);
			sourceTree = "<group>";
		};
		69FDE9AD233D1CF80092C5B4 /* Products */ = {
			isa = PBXGroup;
			children = (
				69FDE9AC233D1CF80092C5B4 /* CollectionViewLab.app */,
				69FDE9C0233D1CFA0092C5B4 /* CollectionViewLabTests.xctest */,
				69FDE9CB233D1CFA0092C5B4 /* CollectionViewLabUITests.xctest */,
			);
			name = Products;
			sourceTree = "<group>";
		};
		69FDE9AE233D1CF80092C5B4 /* CollectionViewLab */ = {
			isa = PBXGroup;
			children = (
				69FDE9AF233D1CF80092C5B4 /* AppDelegate.swift */,
				69FDE9B1233D1CF80092C5B4 /* ViewController.swift */,
				69FDE9B3233D1CF80092C5B4 /* Main.storyboard */,
				69FDE9B6233D1CFA0092C5B4 /* Assets.xcassets */,
				69FDE9B8233D1CFA0092C5B4 /* LaunchScreen.storyboard */,
				69FDE9BB233D1CFA0092C5B4 /* Info.plist */,
			);
			path = CollectionViewLab;
			sourceTree = "<group>";
		};
		69FDE9C3233D1CFA0092C5B4 /* CollectionViewLabTests */ = {
			isa = PBXGroup;
			children = (
				69FDE9C4233D1CFA0092C5B4 /* CollectionViewLabTests.swift */,
				69FDE9C6233D1CFA0092C5B4 /* Info.plist */,
			);
			path = CollectionViewLabTests;
			sourceTree = "<group>";
		};
		69FDE9CE233D1CFA0092C5B4 /* CollectionViewLabUITests */ = {
			isa = PBXGroup;
			children = (
				69FDE9CF233D1CFA0092C5B4 /* CollectionViewLabUITests.swift */,
				69FDE9D1233D1CFA0092C5B4 /* Info.plist */,
			);
			path = CollectionViewLabUITests;
			sourceTree = "<group>";
		};
/* End PBXGroup section */

/* Begin PBXNativeTarget section */
		69FDE9AB233D1CF80092C5B4 /* CollectionViewLab */ = {
			isa = PBXNativeTarget;
			buildConfigurationList = 69FDE9D4233D1CFA0092C5B4 /* Build configuration list for PBXNativeTarget "CollectionViewLab" */;
			buildPhases = (
				69FDE9A8233D1CF80092C5B4 /* Sources */,
				69FDE9A9233D1CF80092C5B4 /* Frameworks */,
				69FDE9AA233D1CF80092C5B4 /* Resources */,
			);
			buildRules = (
			);
			dependencies = (
			);
			name = CollectionViewLab;
			productName = CollectionViewLab;
			productReference = 69FDE9AC233D1CF80092C5B4 /* CollectionViewLab.app */;
			productType = "com.apple.product-type.application";
		};
		69FDE9BF233D1CFA0092C5B4 /* CollectionViewLabTests */ = {
			isa = PBXNativeTarget;
			buildConfigurationList = 69FDE9D7233D1CFA0092C5B4 /* Build configuration list for PBXNativeTarget "CollectionViewLabTests" */;
			buildPhases = (
				69FDE9BC233D1CFA0092C5B4 /* Sources */,
				69FDE9BD233D1CFA0092C5B4 /* Frameworks */,
				69FDE9BE233D1CFA0092C5B4 /* Resources */,
			);
			buildRules = (
			);
			dependencies = (
				69FDE9C2233D1CFA0092C5B4 /* PBXTargetDependency */,
			);
			name = CollectionViewLabTests;
			productName = CollectionViewLabTests;
			productReference = 69FDE9C0233D1CFA0092C5B4 /* CollectionViewLabTests.xctest */;
			productType = "com.apple.product-type.bundle.unit-test";
		};
		69FDE9CA233D1CFA0092C5B4 /* CollectionViewLabUITests */ = {
			isa = PBXNativeTarget;
			buildConfigurationList = 69FDE9DA233D1CFA0092C5B4 /* Build configuration list for PBXNativeTarget "CollectionViewLabUITests" */;
			buildPhases = (
				69FDE9C7233D1CFA0092C5B4 /* Sources */,
				69FDE9C8233D1CFA0092C5B4 /* Frameworks */,
				69FDE9C9233D1CFA0092C5B4 /* Resources */,
			);
			buildRules = (
			);
			dependencies = (
				69FDE9CD233D1CFA0092C5B4 /* PBXTargetDependency */,
			);
			name = CollectionViewLabUITests;
			productName = CollectionViewLabUITests;
			productReference = 69FDE9CB233D1CFA0092C5B4 /* CollectionViewLabUITests.xctest */;
			productType = "com.apple.product-type.bundle.ui-testing";
		};
/* End PBXNativeTarget section */

/* Begin PBXProject section */
		69FDE9A4233D1CF80092C5B4 /* Project object */ = {
			isa = PBXProject;
			attributes = {
				LastSwiftUpdateCheck = 1020;
				LastUpgradeCheck = 1020;
				ORGANIZATIONNAME = "Phoenix McKnight";
				TargetAttributes = {
					69FDE9AB233D1CF80092C5B4 = {
						CreatedOnToolsVersion = 10.2.1;
					};
					69FDE9BF233D1CFA0092C5B4 = {
						CreatedOnToolsVersion = 10.2.1;
						TestTargetID = 69FDE9AB233D1CF80092C5B4;
					};
					69FDE9CA233D1CFA0092C5B4 = {
						CreatedOnToolsVersion = 10.2.1;
						TestTargetID = 69FDE9AB233D1CF80092C5B4;
					};
				};
			};
			buildConfigurationList = 69FDE9A7233D1CF80092C5B4 /* Build configuration list for PBXProject "CollectionViewLab" */;
			compatibilityVersion = "Xcode 9.3";
			developmentRegion = en;
			hasScannedForEncodings = 0;
			knownRegions = (
				en,
				Base,
			);
			mainGroup = 69FDE9A3233D1CF80092C5B4;
			productRefGroup = 69FDE9AD233D1CF80092C5B4 /* Products */;
			projectDirPath = "";
			projectRoot = "";
			targets = (
				69FDE9AB233D1CF80092C5B4 /* CollectionViewLab */,
				69FDE9BF233D1CFA0092C5B4 /* CollectionViewLabTests */,
				69FDE9CA233D1CFA0092C5B4 /* CollectionViewLabUITests */,
			);
		};
/* End PBXProject section */

/* Begin PBXResourcesBuildPhase section */
		69FDE9AA233D1CF80092C5B4 /* Resources */ = {
			isa = PBXResourcesBuildPhase;
			buildActionMask = 2147483647;
			files = (
				69FDE9BA233D1CFA0092C5B4 /* LaunchScreen.storyboard in Resources */,
				69FDE9B7233D1CFA0092C5B4 /* Assets.xcassets in Resources */,
				69FDE9B5233D1CF80092C5B4 /* Main.storyboard in Resources */,
			);
			runOnlyForDeploymentPostprocessing = 0;
		};
		69FDE9BE233D1CFA0092C5B4 /* Resources */ = {
			isa = PBXResourcesBuildPhase;
			buildActionMask = 2147483647;
			files = (
			);
			runOnlyForDeploymentPostprocessing = 0;
		};
		69FDE9C9233D1CFA0092C5B4 /* Resources */ = {
			isa = PBXResourcesBuildPhase;
			buildActionMask = 2147483647;
			files = (
			);
			runOnlyForDeploymentPostprocessing = 0;
		};
/* End PBXResourcesBuildPhase section */

/* Begin PBXSourcesBuildPhase section */
		69FDE9A8233D1CF80092C5B4 /* Sources */ = {
			isa = PBXSourcesBuildPhase;
			buildActionMask = 2147483647;
			files = (
				69FDE9B2233D1CF80092C5B4 /* ViewController.swift in Sources */,
				69FDE9B0233D1CF80092C5B4 /* AppDelegate.swift in Sources */,
			);
			runOnlyForDeploymentPostprocessing = 0;
		};
		69FDE9BC233D1CFA0092C5B4 /* Sources */ = {
			isa = PBXSourcesBuildPhase;
			buildActionMask = 2147483647;
			files = (
				69FDE9C5233D1CFA0092C5B4 /* CollectionViewLabTests.swift in Sources */,
			);
			runOnlyForDeploymentPostprocessing = 0;
		};
		69FDE9C7233D1CFA0092C5B4 /* Sources */ = {
			isa = PBXSourcesBuildPhase;
			buildActionMask = 2147483647;
			files = (
				69FDE9D0233D1CFA0092C5B4 /* CollectionViewLabUITests.swift in Sources */,
			);
			runOnlyForDeploymentPostprocessing = 0;
		};
/* End PBXSourcesBuildPhase section */

/* Begin PBXTargetDependency section */
		69FDE9C2233D1CFA0092C5B4 /* PBXTargetDependency */ = {
			isa = PBXTargetDependency;
			target = 69FDE9AB233D1CF80092C5B4 /* CollectionViewLab */;
			targetProxy = 69FDE9C1233D1CFA0092C5B4 /* PBXContainerItemProxy */;
		};
		69FDE9CD233D1CFA0092C5B4 /* PBXTargetDependency */ = {
			isa = PBXTargetDependency;
			target = 69FDE9AB233D1CF80092C5B4 /* CollectionViewLab */;
			targetProxy = 69FDE9CC233D1CFA0092C5B4 /* PBXContainerItemProxy */;
		};
/* End PBXTargetDependency section */

/* Begin PBXVariantGroup section */
		69FDE9B3233D1CF80092C5B4 /* Main.storyboard */ = {
			isa = PBXVariantGroup;
			children = (
				69FDE9B4233D1CF80092C5B4 /* Base */,
			);
			name = Main.storyboard;
			sourceTree = "<group>";
		};
		69FDE9B8233D1CFA0092C5B4 /* LaunchScreen.storyboard */ = {
			isa = PBXVariantGroup;
			children = (
				69FDE9B9233D1CFA0092C5B4 /* Base */,
			);
			name = LaunchScreen.storyboard;
			sourceTree = "<group>";
		};
/* End PBXVariantGroup section */

/* Begin XCBuildConfiguration section */
		69FDE9D2233D1CFA0092C5B4 /* Debug */ = {
			isa = XCBuildConfiguration;
			buildSettings = {
				ALWAYS_SEARCH_USER_PATHS = NO;
				CLANG_ANALYZER_NONNULL = YES;
				CLANG_ANALYZER_NUMBER_OBJECT_CONVERSION = YES_AGGRESSIVE;
				CLANG_CXX_LANGUAGE_STANDARD = "gnu++14";
				CLANG_CXX_LIBRARY = "libc++";
				CLANG_ENABLE_MODULES = YES;
				CLANG_ENABLE_OBJC_ARC = YES;
				CLANG_ENABLE_OBJC_WEAK = YES;
				CLANG_WARN_BLOCK_CAPTURE_AUTORELEASING = YES;
				CLANG_WARN_BOOL_CONVERSION = YES;
				CLANG_WARN_COMMA = YES;
				CLANG_WARN_CONSTANT_CONVERSION = YES;
				CLANG_WARN_DEPRECATED_OBJC_IMPLEMENTATIONS = YES;
				CLANG_WARN_DIRECT_OBJC_ISA_USAGE = YES_ERROR;
				CLANG_WARN_DOCUMENTATION_COMMENTS = YES;
				CLANG_WARN_EMPTY_BODY = YES;
				CLANG_WARN_ENUM_CONVERSION = YES;
				CLANG_WARN_INFINITE_RECURSION = YES;
				CLANG_WARN_INT_CONVERSION = YES;
				CLANG_WARN_NON_LITERAL_NULL_CONVERSION = YES;
				CLANG_WARN_OBJC_IMPLICIT_RETAIN_SELF = YES;
				CLANG_WARN_OBJC_LITERAL_CONVERSION = YES;
				CLANG_WARN_OBJC_ROOT_CLASS = YES_ERROR;
				CLANG_WARN_RANGE_LOOP_ANALYSIS = YES;
				CLANG_WARN_STRICT_PROTOTYPES = YES;
				CLANG_WARN_SUSPICIOUS_MOVE = YES;
				CLANG_WARN_UNGUARDED_AVAILABILITY = YES_AGGRESSIVE;
				CLANG_WARN_UNREACHABLE_CODE = YES;
				CLANG_WARN__DUPLICATE_METHOD_MATCH = YES;
				CODE_SIGN_IDENTITY = "iPhone Developer";
				COPY_PHASE_STRIP = NO;
				DEBUG_INFORMATION_FORMAT = dwarf;
				ENABLE_STRICT_OBJC_MSGSEND = YES;
				ENABLE_TESTABILITY = YES;
				GCC_C_LANGUAGE_STANDARD = gnu11;
				GCC_DYNAMIC_NO_PIC = NO;
				GCC_NO_COMMON_BLOCKS = YES;
				GCC_OPTIMIZATION_LEVEL = 0;
				GCC_PREPROCESSOR_DEFINITIONS = (
					"DEBUG=1",
					"$(inherited)",
				);
				GCC_WARN_64_TO_32_BIT_CONVERSION = YES;
				GCC_WARN_ABOUT_RETURN_TYPE = YES_ERROR;
				GCC_WARN_UNDECLARED_SELECTOR = YES;
				GCC_WARN_UNINITIALIZED_AUTOS = YES_AGGRESSIVE;
				GCC_WARN_UNUSED_FUNCTION = YES;
				GCC_WARN_UNUSED_VARIABLE = YES;
				IPHONEOS_DEPLOYMENT_TARGET = 12.2;
				MTL_ENABLE_DEBUG_INFO = INCLUDE_SOURCE;
				MTL_FAST_MATH = YES;
				ONLY_ACTIVE_ARCH = YES;
				SDKROOT = iphoneos;
				SWIFT_ACTIVE_COMPILATION_CONDITIONS = DEBUG;
				SWIFT_OPTIMIZATION_LEVEL = "-Onone";
			};
			name = Debug;
		};
		69FDE9D3233D1CFA0092C5B4 /* Release */ = {
			isa = XCBuildConfiguration;
			buildSettings = {
				ALWAYS_SEARCH_USER_PATHS = NO;
				CLANG_ANALYZER_NONNULL = YES;
				CLANG_ANALYZER_NUMBER_OBJECT_CONVERSION = YES_AGGRESSIVE;
				CLANG_CXX_LANGUAGE_STANDARD = "gnu++14";
				CLANG_CXX_LIBRARY = "libc++";
				CLANG_ENABLE_MODULES = YES;
				CLANG_ENABLE_OBJC_ARC = YES;
				CLANG_ENABLE_OBJC_WEAK = YES;
				CLANG_WARN_BLOCK_CAPTURE_AUTORELEASING = YES;
				CLANG_WARN_BOOL_CONVERSION = YES;
				CLANG_WARN_COMMA = YES;
				CLANG_WARN_CONSTANT_CONVERSION = YES;
				CLANG_WARN_DEPRECATED_OBJC_IMPLEMENTATIONS = YES;
				CLANG_WARN_DIRECT_OBJC_ISA_USAGE = YES_ERROR;
				CLANG_WARN_DOCUMENTATION_COMMENTS = YES;
				CLANG_WARN_EMPTY_BODY = YES;
				CLANG_WARN_ENUM_CONVERSION = YES;
				CLANG_WARN_INFINITE_RECURSION = YES;
				CLANG_WARN_INT_CONVERSION = YES;
				CLANG_WARN_NON_LITERAL_NULL_CONVERSION = YES;
				CLANG_WARN_OBJC_IMPLICIT_RETAIN_SELF = YES;
				CLANG_WARN_OBJC_LITERAL_CONVERSION = YES;
				CLANG_WARN_OBJC_ROOT_CLASS = YES_ERROR;
				CLANG_WARN_RANGE_LOOP_ANALYSIS = YES;
				CLANG_WARN_STRICT_PROTOTYPES = YES;
				CLANG_WARN_SUSPICIOUS_MOVE = YES;
				CLANG_WARN_UNGUARDED_AVAILABILITY = YES_AGGRESSIVE;
				CLANG_WARN_UNREACHABLE_CODE = YES;
				CLANG_WARN__DUPLICATE_METHOD_MATCH = YES;
				CODE_SIGN_IDENTITY = "iPhone Developer";
				COPY_PHASE_STRIP = NO;
				DEBUG_INFORMATION_FORMAT = "dwarf-with-dsym";
				ENABLE_NS_ASSERTIONS = NO;
				ENABLE_STRICT_OBJC_MSGSEND = YES;
				GCC_C_LANGUAGE_STANDARD = gnu11;
				GCC_NO_COMMON_BLOCKS = YES;
				GCC_WARN_64_TO_32_BIT_CONVERSION = YES;
				GCC_WARN_ABOUT_RETURN_TYPE = YES_ERROR;
				GCC_WARN_UNDECLARED_SELECTOR = YES;
				GCC_WARN_UNINITIALIZED_AUTOS = YES_AGGRESSIVE;
				GCC_WARN_UNUSED_FUNCTION = YES;
				GCC_WARN_UNUSED_VARIABLE = YES;
				IPHONEOS_DEPLOYMENT_TARGET = 12.2;
				MTL_ENABLE_DEBUG_INFO = NO;
				MTL_FAST_MATH = YES;
				SDKROOT = iphoneos;
				SWIFT_COMPILATION_MODE = wholemodule;
				SWIFT_OPTIMIZATION_LEVEL = "-O";
				VALIDATE_PRODUCT = YES;
			};
			name = Release;
		};
		69FDE9D5233D1CFA0092C5B4 /* Debug */ = {
			isa = XCBuildConfiguration;
			buildSettings = {
				ASSETCATALOG_COMPILER_APPICON_NAME = AppIcon;
				CODE_SIGN_STYLE = Automatic;
				INFOPLIST_FILE = CollectionViewLab/Info.plist;
				LD_RUNPATH_SEARCH_PATHS = (
					"$(inherited)",
					"@executable_path/Frameworks",
				);
				PRODUCT_BUNDLE_IDENTIFIER = Pursuit.CollectionViewLab;
				PRODUCT_NAME = "$(TARGET_NAME)";
				SWIFT_VERSION = 5.0;
				TARGETED_DEVICE_FAMILY = "1,2";
			};
			name = Debug;
		};
		69FDE9D6233D1CFA0092C5B4 /* Release */ = {
			isa = XCBuildConfiguration;
			buildSettings = {
				ASSETCATALOG_COMPILER_APPICON_NAME = AppIcon;
				CODE_SIGN_STYLE = Automatic;
				INFOPLIST_FILE = CollectionViewLab/Info.plist;
				LD_RUNPATH_SEARCH_PATHS = (
					"$(inherited)",
					"@executable_path/Frameworks",
				);
				PRODUCT_BUNDLE_IDENTIFIER = Pursuit.CollectionViewLab;
				PRODUCT_NAME = "$(TARGET_NAME)";
				SWIFT_VERSION = 5.0;
				TARGETED_DEVICE_FAMILY = "1,2";
			};
			name = Release;
		};
		69FDE9D8233D1CFA0092C5B4 /* Debug */ = {
			isa = XCBuildConfiguration;
			buildSettings = {
				ALWAYS_EMBED_SWIFT_STANDARD_LIBRARIES = YES;
				BUNDLE_LOADER = "$(TEST_HOST)";
				CODE_SIGN_STYLE = Automatic;
				INFOPLIST_FILE = CollectionViewLabTests/Info.plist;
				LD_RUNPATH_SEARCH_PATHS = (
					"$(inherited)",
					"@executable_path/Frameworks",
					"@loader_path/Frameworks",
				);
				PRODUCT_BUNDLE_IDENTIFIER = Pursuit.CollectionViewLabTests;
				PRODUCT_NAME = "$(TARGET_NAME)";
				SWIFT_VERSION = 5.0;
				TARGETED_DEVICE_FAMILY = "1,2";
				TEST_HOST = "$(BUILT_PRODUCTS_DIR)/CollectionViewLab.app/CollectionViewLab";
			};
			name = Debug;
		};
		69FDE9D9233D1CFA0092C5B4 /* Release */ = {
			isa = XCBuildConfiguration;
			buildSettings = {
				ALWAYS_EMBED_SWIFT_STANDARD_LIBRARIES = YES;
				BUNDLE_LOADER = "$(TEST_HOST)";
				CODE_SIGN_STYLE = Automatic;
				INFOPLIST_FILE = CollectionViewLabTests/Info.plist;
				LD_RUNPATH_SEARCH_PATHS = (
					"$(inherited)",
					"@executable_path/Frameworks",
					"@loader_path/Frameworks",
				);
				PRODUCT_BUNDLE_IDENTIFIER = Pursuit.CollectionViewLabTests;
				PRODUCT_NAME = "$(TARGET_NAME)";
				SWIFT_VERSION = 5.0;
				TARGETED_DEVICE_FAMILY = "1,2";
				TEST_HOST = "$(BUILT_PRODUCTS_DIR)/CollectionViewLab.app/CollectionViewLab";
			};
			name = Release;
		};
		69FDE9DB233D1CFA0092C5B4 /* Debug */ = {
			isa = XCBuildConfiguration;
			buildSettings = {
				ALWAYS_EMBED_SWIFT_STANDARD_LIBRARIES = YES;
				CODE_SIGN_STYLE = Automatic;
				INFOPLIST_FILE = CollectionViewLabUITests/Info.plist;
				LD_RUNPATH_SEARCH_PATHS = (
					"$(inherited)",
					"@executable_path/Frameworks",
					"@loader_path/Frameworks",
				);
				PRODUCT_BUNDLE_IDENTIFIER = Pursuit.CollectionViewLabUITests;
				PRODUCT_NAME = "$(TARGET_NAME)";
				SWIFT_VERSION = 5.0;
				TARGETED_DEVICE_FAMILY = "1,2";
				TEST_TARGET_NAME = CollectionViewLab;
			};
			name = Debug;
		};
		69FDE9DC233D1CFA0092C5B4 /* Release */ = {
			isa = XCBuildConfiguration;
			buildSettings = {
				ALWAYS_EMBED_SWIFT_STANDARD_LIBRARIES = YES;
				CODE_SIGN_STYLE = Automatic;
				INFOPLIST_FILE = CollectionViewLabUITests/Info.plist;
				LD_RUNPATH_SEARCH_PATHS = (
					"$(inherited)",
					"@executable_path/Frameworks",
					"@loader_path/Frameworks",
				);
				PRODUCT_BUNDLE_IDENTIFIER = Pursuit.CollectionViewLabUITests;
				PRODUCT_NAME = "$(TARGET_NAME)";
				SWIFT_VERSION = 5.0;
				TARGETED_DEVICE_FAMILY = "1,2";
				TEST_TARGET_NAME = CollectionViewLab;
			};
			name = Release;
		};
/* End XCBuildConfiguration section */

/* Begin XCConfigurationList section */
		69FDE9A7233D1CF80092C5B4 /* Build configuration list for PBXProject "CollectionViewLab" */ = {
			isa = XCConfigurationList;
			buildConfigurations = (
				69FDE9D2233D1CFA0092C5B4 /* Debug */,
				69FDE9D3233D1CFA0092C5B4 /* Release */,
			);
			defaultConfigurationIsVisible = 0;
			defaultConfigurationName = Release;
		};
		69FDE9D4233D1CFA0092C5B4 /* Build configuration list for PBXNativeTarget "CollectionViewLab" */ = {
			isa = XCConfigurationList;
			buildConfigurations = (
				69FDE9D5233D1CFA0092C5B4 /* Debug */,
				69FDE9D6233D1CFA0092C5B4 /* Release */,
			);
			defaultConfigurationIsVisible = 0;
			defaultConfigurationName = Release;
		};
		69FDE9D7233D1CFA0092C5B4 /* Build configuration list for PBXNativeTarget "CollectionViewLabTests" */ = {
			isa = XCConfigurationList;
			buildConfigurations = (
				69FDE9D8233D1CFA0092C5B4 /* Debug */,
				69FDE9D9233D1CFA0092C5B4 /* Release */,
			);
			defaultConfigurationIsVisible = 0;
			defaultConfigurationName = Release;
		};
		69FDE9DA233D1CFA0092C5B4 /* Build configuration list for PBXNativeTarget "CollectionViewLabUITests" */ = {
			isa = XCConfigurationList;
			buildConfigurations = (
				69FDE9DB233D1CFA0092C5B4 /* Debug */,
				69FDE9DC233D1CFA0092C5B4 /* Release */,
			);
			defaultConfigurationIsVisible = 0;
			defaultConfigurationName = Release;
		};
/* End XCConfigurationList section */
	};
	rootObject = 69FDE9A4233D1CF80092C5B4 /* Project object */;
}
